
Microsoft Visual Studio Solution File, Format Version 12.00
# Visual Studio 15
VisualStudioVersion = 15.0.27130.2020
MinimumVisualStudioVersion = 15.0.26730.03
Project("{2150E333-8FDC-42A3-9474-1A3956D46DE8}") = "src", "src", "{DA69F624-5398-4884-87E4-B816698CDE65}"
	ProjectSection(SolutionItems) = preProject
		src\Directory.Build.props = src\Directory.Build.props
	EndProjectSection
EndProject
Project("{2150E333-8FDC-42A3-9474-1A3956D46DE8}") = "samples", "samples", "{C4BC9889-B49F-41B6-806B-F84941B2549B}"
EndProject
Project("{9A19103F-16F7-4668-BE54-9A1E7A4F7556}") = "Microsoft.Azure.SignalR", "src\Microsoft.Azure.SignalR\Microsoft.Azure.SignalR.csproj", "{7B124E40-36AC-45CC-9467-F6A50D5FC149}"
EndProject
Project("{9A19103F-16F7-4668-BE54-9A1E7A4F7556}") = "ChatSample", "samples\ChatSample\ChatSample.csproj", "{B23C2F84-B0B8-47D1-A8D2-E524F6511215}"
EndProject
Project("{2150E333-8FDC-42A3-9474-1A3956D46DE8}") = "Solution Items", "Solution Items", "{36024D6C-A549-4269-B11B-4BFC5F08BD11}"
	ProjectSection(SolutionItems) = preProject
		build\dependencies.props = build\dependencies.props
		Directory.Build.props = Directory.Build.props
		Directory.Build.targets = Directory.Build.targets
		NuGet.config = NuGet.config
		build\repo.props = build\repo.props
		build\repo.targets = build\repo.targets
		build\sources.props = build\sources.props
		version.props = version.props
	EndProjectSection
EndProject
Project("{9A19103F-16F7-4668-BE54-9A1E7A4F7556}") = "Microsoft.Azure.SignalR.Protocols", "src\Microsoft.Azure.SignalR.Protocols\Microsoft.Azure.SignalR.Protocols.csproj", "{2EBFCD26-6E31-4855-ABF5-0A82E78F87C7}"
EndProject
Project("{2150E333-8FDC-42A3-9474-1A3956D46DE8}") = "test", "test", "{2429FBD8-1FCE-4C42-AA28-DF32F7249E77}"
EndProject
Project("{9A19103F-16F7-4668-BE54-9A1E7A4F7556}") = "Microsoft.Azure.SignalR.Tests", "test\Microsoft.Azure.SignalR.Tests\Microsoft.Azure.SignalR.Tests.csproj", "{764DCFF5-D28D-4CEF-B186-B7A62FBB3E98}"
EndProject
Project("{9A19103F-16F7-4668-BE54-9A1E7A4F7556}") = "Microsoft.Azure.SignalR.Protocols.Tests", "test\Microsoft.Azure.SignalR.Protocols.Tests\Microsoft.Azure.SignalR.Protocols.Tests.csproj", "{E2094C87-C0F2-471D-A399-0B78CC32C1AA}"
EndProject
Project("{9A19103F-16F7-4668-BE54-9A1E7A4F7556}") = "Microsoft.Azure.SignalR.Common", "src\Microsoft.Azure.SignalR.Common\Microsoft.Azure.SignalR.Common.csproj", "{FAB21D29-0CBF-4243-94AF-067EBFB15EAE}"
EndProject
Project("{9A19103F-16F7-4668-BE54-9A1E7A4F7556}") = "Microsoft.Azure.SignalR.Common.Tests", "test\Microsoft.Azure.SignalR.Common.Tests\Microsoft.Azure.SignalR.Common.Tests.csproj", "{367FD2C0-A505-4761-B229-AA3948D25F21}"
EndProject
Project("{9A19103F-16F7-4668-BE54-9A1E7A4F7556}") = "Microsoft.Azure.SignalR.AspNet", "src\Microsoft.Azure.SignalR.AspNet\Microsoft.Azure.SignalR.AspNet.csproj", "{235BF797-E3A2-4EEB-8D82-0C0BE1380663}"
EndProject
Project("{9A19103F-16F7-4668-BE54-9A1E7A4F7556}") = "Microsoft.Azure.SignalR.AspNet.Tests", "test\Microsoft.Azure.SignalR.AspNet.Tests\Microsoft.Azure.SignalR.AspNet.Tests.csproj", "{4F12F3CF-3B6F-4E7F-9DF9-0E128978BD77}"
EndProject
Global
	GlobalSection(SolutionConfigurationPlatforms) = preSolution
		Debug|Any CPU = Debug|Any CPU
		Release|Any CPU = Release|Any CPU
	EndGlobalSection
	GlobalSection(ProjectConfigurationPlatforms) = postSolution
		{7B124E40-36AC-45CC-9467-F6A50D5FC149}.Debug|Any CPU.ActiveCfg = Debug|Any CPU
		{7B124E40-36AC-45CC-9467-F6A50D5FC149}.Debug|Any CPU.Build.0 = Debug|Any CPU
		{7B124E40-36AC-45CC-9467-F6A50D5FC149}.Release|Any CPU.ActiveCfg = Release|Any CPU
		{7B124E40-36AC-45CC-9467-F6A50D5FC149}.Release|Any CPU.Build.0 = Release|Any CPU
		{B23C2F84-B0B8-47D1-A8D2-E524F6511215}.Debug|Any CPU.ActiveCfg = Debug|Any CPU
		{B23C2F84-B0B8-47D1-A8D2-E524F6511215}.Debug|Any CPU.Build.0 = Debug|Any CPU
		{B23C2F84-B0B8-47D1-A8D2-E524F6511215}.Release|Any CPU.ActiveCfg = Release|Any CPU
		{B23C2F84-B0B8-47D1-A8D2-E524F6511215}.Release|Any CPU.Build.0 = Release|Any CPU
		{2EBFCD26-6E31-4855-ABF5-0A82E78F87C7}.Debug|Any CPU.ActiveCfg = Debug|Any CPU
		{2EBFCD26-6E31-4855-ABF5-0A82E78F87C7}.Debug|Any CPU.Build.0 = Debug|Any CPU
		{2EBFCD26-6E31-4855-ABF5-0A82E78F87C7}.Release|Any CPU.ActiveCfg = Release|Any CPU
		{2EBFCD26-6E31-4855-ABF5-0A82E78F87C7}.Release|Any CPU.Build.0 = Release|Any CPU
		{764DCFF5-D28D-4CEF-B186-B7A62FBB3E98}.Debug|Any CPU.ActiveCfg = Debug|Any CPU
		{764DCFF5-D28D-4CEF-B186-B7A62FBB3E98}.Debug|Any CPU.Build.0 = Debug|Any CPU
		{764DCFF5-D28D-4CEF-B186-B7A62FBB3E98}.Release|Any CPU.ActiveCfg = Release|Any CPU
		{764DCFF5-D28D-4CEF-B186-B7A62FBB3E98}.Release|Any CPU.Build.0 = Release|Any CPU
		{E2094C87-C0F2-471D-A399-0B78CC32C1AA}.Debug|Any CPU.ActiveCfg = Debug|Any CPU
		{E2094C87-C0F2-471D-A399-0B78CC32C1AA}.Debug|Any CPU.Build.0 = Debug|Any CPU
		{E2094C87-C0F2-471D-A399-0B78CC32C1AA}.Release|Any CPU.ActiveCfg = Release|Any CPU
		{E2094C87-C0F2-471D-A399-0B78CC32C1AA}.Release|Any CPU.Build.0 = Release|Any CPU
		{FAB21D29-0CBF-4243-94AF-067EBFB15EAE}.Debug|Any CPU.ActiveCfg = Debug|Any CPU
		{FAB21D29-0CBF-4243-94AF-067EBFB15EAE}.Debug|Any CPU.Build.0 = Debug|Any CPU
		{FAB21D29-0CBF-4243-94AF-067EBFB15EAE}.Release|Any CPU.ActiveCfg = Release|Any CPU
		{FAB21D29-0CBF-4243-94AF-067EBFB15EAE}.Release|Any CPU.Build.0 = Release|Any CPU
		{367FD2C0-A505-4761-B229-AA3948D25F21}.Debug|Any CPU.ActiveCfg = Debug|Any CPU
		{367FD2C0-A505-4761-B229-AA3948D25F21}.Debug|Any CPU.Build.0 = Debug|Any CPU
		{367FD2C0-A505-4761-B229-AA3948D25F21}.Release|Any CPU.ActiveCfg = Release|Any CPU
		{367FD2C0-A505-4761-B229-AA3948D25F21}.Release|Any CPU.Build.0 = Release|Any CPU
		{235BF797-E3A2-4EEB-8D82-0C0BE1380663}.Debug|Any CPU.ActiveCfg = Debug|Any CPU
		{235BF797-E3A2-4EEB-8D82-0C0BE1380663}.Debug|Any CPU.Build.0 = Debug|Any CPU
		{235BF797-E3A2-4EEB-8D82-0C0BE1380663}.Release|Any CPU.ActiveCfg = Release|Any CPU
		{235BF797-E3A2-4EEB-8D82-0C0BE1380663}.Release|Any CPU.Build.0 = Release|Any CPU
		{4F12F3CF-3B6F-4E7F-9DF9-0E128978BD77}.Debug|Any CPU.ActiveCfg = Debug|Any CPU
		{4F12F3CF-3B6F-4E7F-9DF9-0E128978BD77}.Debug|Any CPU.Build.0 = Debug|Any CPU
		{4F12F3CF-3B6F-4E7F-9DF9-0E128978BD77}.Release|Any CPU.ActiveCfg = Release|Any CPU
		{4F12F3CF-3B6F-4E7F-9DF9-0E128978BD77}.Release|Any CPU.Build.0 = Release|Any CPU
	EndGlobalSection
	GlobalSection(SolutionProperties) = preSolution
		HideSolutionNode = FALSE
	EndGlobalSection
	GlobalSection(NestedProjects) = preSolution
		{7B124E40-36AC-45CC-9467-F6A50D5FC149} = {DA69F624-5398-4884-87E4-B816698CDE65}
		{B23C2F84-B0B8-47D1-A8D2-E524F6511215} = {C4BC9889-B49F-41B6-806B-F84941B2549B}
		{2EBFCD26-6E31-4855-ABF5-0A82E78F87C7} = {DA69F624-5398-4884-87E4-B816698CDE65}
		{764DCFF5-D28D-4CEF-B186-B7A62FBB3E98} = {2429FBD8-1FCE-4C42-AA28-DF32F7249E77}
		{E2094C87-C0F2-471D-A399-0B78CC32C1AA} = {2429FBD8-1FCE-4C42-AA28-DF32F7249E77}
		{FAB21D29-0CBF-4243-94AF-067EBFB15EAE} = {DA69F624-5398-4884-87E4-B816698CDE65}
		{367FD2C0-A505-4761-B229-AA3948D25F21} = {2429FBD8-1FCE-4C42-AA28-DF32F7249E77}
		{235BF797-E3A2-4EEB-8D82-0C0BE1380663} = {DA69F624-5398-4884-87E4-B816698CDE65}
		{4F12F3CF-3B6F-4E7F-9DF9-0E128978BD77} = {2429FBD8-1FCE-4C42-AA28-DF32F7249E77}
	EndGlobalSection
	GlobalSection(ExtensibilityGlobals) = postSolution
		SolutionGuid = {7945A4E4-ACDB-4F6E-95CA-6AC6E7C2CD59}
	EndGlobalSection
EndGlobal
