{
    "name": "chatsample",
    "requires": true,
    "lockfileVersion": 1,
    "dependencies": {
        "@aspnet/signalr": {
            "version": "1.0.0",
            "resolved": "https://registry.npmjs.org/@aspnet/signalr/-/signalr-1.0.0.tgz",
            "integrity": "sha512-7fXNdSTnp2y7a3i7BnvBpQpDEoG71DNq1J/Caowr+3v/nzGivnJApRg40VgBp6FlyeJqoBEQO/QuDPE0kTpczg=="
        },
        "@aspnet/signalr-protocol-msgpack": {
            "version": "1.0.0",
            "resolved": "https://registry.npmjs.org/@aspnet/signalr-protocol-msgpack/-/signalr-protocol-msgpack-1.0.0.tgz",
            "integrity": "sha512-gaE7tJWZVbKW/hr2HzAM3d0l3Nfa/sxtlLWHxrhIDN7SxT/+9rMBEYMoZfuYt5yovJE6ACYDPeqsj7US5xyBcQ==",
            "requires": {
                "msgpack5": "4.2.0"
            }
        },
        "bl": {
            "version": "2.2.1",
            "resolved": "https://registry.npmjs.org/bl/-/bl-2.2.1.tgz",
            "integrity": "sha512-6Pesp1w0DEX1N550i/uGV/TqucVL4AM/pgThFSN/Qq9si1/DF9aIHs1BxD8V/QU0HoeHO6cQRTAuYnLPKq1e4g==",
            "dev": true,
            "requires": {
                "readable-stream": "^2.3.5",
                "safe-buffer": "^5.1.1"
            }
        },
        "core-util-is": {
            "version": "1.0.2",
            "resolved": "https://registry.npmjs.org/core-util-is/-/core-util-is-1.0.2.tgz",
            "integrity": "sha1-tf1UIgqivFq1eqtxQMlAdUUDwac="
        },
        "inherits": {
            "version": "2.0.3",
            "resolved": "https://registry.npmjs.org/inherits/-/inherits-2.0.3.tgz",
            "integrity": "sha1-Yzwsg+PaQqUC9SRmAiSA9CCCYd4="
        },
        "isarray": {
            "version": "1.0.0",
            "resolved": "https://registry.npmjs.org/isarray/-/isarray-1.0.0.tgz",
            "integrity": "sha1-u5NdSFgsuhaMBoNJV6VKPgcSTxE="
        },
        "msgpack5": {
            "version": "4.2.0",
            "resolved": "https://registry.npmjs.org/msgpack5/-/msgpack5-4.2.0.tgz",
            "integrity": "sha512-tQkRlwO4f3/E8Kq5qm6PcVw+J+K4+U/XNqeD9Ebo1qVsrjkcKb2FfmdtuuIslw42CGT+K3ZVKAvKfSPp3QRplQ==",
            "requires": {
                "bl": "2.0.0",
                "inherits": "2.0.3",
                "readable-stream": "2.3.6",
                "safe-buffer": "5.1.2"
            },
            "dependencies": {
                "bl": {
                    "version": "2.0.0",
                    "resolved": "https://registry.npmjs.org/bl/-/bl-2.0.0.tgz",
                    "integrity": "sha512-nqdgzTR3A/DdvWXolezBa/lJbF3+e/KXarzx5LmQGZP/jbgeOmC+fi2v9iaJllcnVQBOh6WTK+CuDlbsvdX22Q==",
                    "requires": {
                        "readable-stream": "^2.3.5",
                        "safe-buffer": "^5.1.1"
                    }
                }
            }
        },
        "process-nextick-args": {
            "version": "2.0.0",
            "resolved": "https://registry.npmjs.org/process-nextick-args/-/process-nextick-args-2.0.0.tgz",
            "integrity": "sha512-MtEC1TqN0EU5nephaJ4rAtThHtC86dNN9qCuEhtshvpVBkAW5ZO7BASN9REnF9eoXGcRub+pFuKEpOHE+HbEMw=="
        },
        "readable-stream": {
            "version": "2.3.6",
            "resolved": "https://registry.npmjs.org/readable-stream/-/readable-stream-2.3.6.tgz",
            "integrity": "sha512-tQtKA9WIAhBF3+VLAseyMqZeBjW0AHJoxOtYqSUZNJxauErmLbVm2FW1y+J/YA9dUrAC39ITejlZWhVIwawkKw==",
            "requires": {
                "core-util-is": "1.0.2",
                "inherits": "2.0.3",
                "isarray": "1.0.0",
                "process-nextick-args": "2.0.0",
                "safe-buffer": "5.1.2",
                "string_decoder": "1.1.1",
                "util-deprecate": "1.0.2"
            }
        },
        "safe-buffer": {
            "version": "5.1.2",
            "resolved": "https://registry.npmjs.org/safe-buffer/-/safe-buffer-5.1.2.tgz",
            "integrity": "sha512-Gd2UZBJDkXlY7GbJxfsE8/nvKkUEU1G38c1siN6QP6a9PT9MmHB8GnpscSmMJSoF8LOIrt8ud/wPtojys4G6+g=="
        },
        "string_decoder": {
            "version": "1.1.1",
            "resolved": "https://registry.npmjs.org/string_decoder/-/string_decoder-1.1.1.tgz",
            "integrity": "sha512-n/ShnvDi6FHbbVfviro+WojiFzv+s8MPMHBczVePfUpDJLwoLT0ht1l4YwBCbi8pJAveEEdnkHyPyTP/mzRfwg==",
            "requires": {
                "safe-buffer": "5.1.2"
            }
        },
        "util-deprecate": {
            "version": "1.0.2",
            "resolved": "https://registry.npmjs.org/util-deprecate/-/util-deprecate-1.0.2.tgz",
            "integrity": "sha1-RQ1Nyfpw3nMnYvvS1KKJgUGaDM8="
        }
    }
}
