{
    "name": "chatsample",
    "requires": true,
    "lockfileVersion": 1,
    "dependencies": {
        "@aspnet/signalr": {
            "version": "1.0.0-rc1-30656",
            "resolved": "https://dotnet.myget.org/F/aspnetcore-dev/npm/@aspnet/signalr/-/@aspnet/signalr-1.0.0-rc1-30656.tgz",
            "integrity": "sha1-bDP04fcAS2ByUh29B4tMjYOEd2w="
        },
        "@aspnet/signalr-protocol-msgpack": {
            "version": "1.0.0-rc1-30656",
            "resolved": "https://dotnet.myget.org/F/aspnetcore-dev/npm/@aspnet/signalr-protocol-msgpack/-/@aspnet/signalr-protocol-msgpack-1.0.0-rc1-30656.tgz",
            "integrity": "sha1-/s4N7xr7MGZuZDIoLIb8sNYTwVw=",
            "requires": {
                "msgpack5": "4.0.2"
            }
        },
        "bl": {
            "version": "1.2.2",
            "resolved": "https://registry.npmjs.org/bl/-/bl-1.2.2.tgz",
            "integrity": "sha512-e8tQYnZodmebYDWGH7KMRvtzKXaJHx3BbilrgZCfvyLUYdKpK1t5PSPmpkny/SgiTSCnjfLW7v5rlONXVFkQEA==",
            "requires": {
                "readable-stream": "2.3.6",
                "safe-buffer": "5.1.1"
            }
        },
        "core-util-is": {
            "version": "1.0.2",
            "resolved": "https://registry.npmjs.org/core-util-is/-/core-util-is-1.0.2.tgz",
            "integrity": "sha1-tf1UIgqivFq1eqtxQMlAdUUDwac="
        },
        "inherits": {
            "version": "2.0.3",
            "resolved": "https://registry.npmjs.org/inherits/-/inherits-2.0.3.tgz",
            "integrity": "sha1-Yzwsg+PaQqUC9SRmAiSA9CCCYd4="
        },
        "isarray": {
            "version": "1.0.0",
            "resolved": "https://registry.npmjs.org/isarray/-/isarray-1.0.0.tgz",
            "integrity": "sha1-u5NdSFgsuhaMBoNJV6VKPgcSTxE="
        },
        "msgpack5": {
            "version": "4.0.2",
            "resolved": "https://registry.npmjs.org/msgpack5/-/msgpack5-4.0.2.tgz",
            "integrity": "sha512-rEIx0/KFtWGtqlF5D/NIMzOHDhm7AhIFzHR3/PLqMrXXbMKoSitDE/IDuTactlTjxEc0ScmHx/5qoH015uL7xA==",
            "requires": {
                "bl": "1.2.2",
                "inherits": "2.0.3",
                "readable-stream": "2.3.6",
                "safe-buffer": "5.1.1"
            }
        },
        "process-nextick-args": {
            "version": "2.0.0",
            "resolved": "https://registry.npmjs.org/process-nextick-args/-/process-nextick-args-2.0.0.tgz",
            "integrity": "sha512-MtEC1TqN0EU5nephaJ4rAtThHtC86dNN9qCuEhtshvpVBkAW5ZO7BASN9REnF9eoXGcRub+pFuKEpOHE+HbEMw=="
        },
        "readable-stream": {
            "version": "2.3.6",
            "resolved": "https://registry.npmjs.org/readable-stream/-/readable-stream-2.3.6.tgz",
            "integrity": "sha512-tQtKA9WIAhBF3+VLAseyMqZeBjW0AHJoxOtYqSUZNJxauErmLbVm2FW1y+J/YA9dUrAC39ITejlZWhVIwawkKw==",
            "requires": {
                "core-util-is": "1.0.2",
                "inherits": "2.0.3",
                "isarray": "1.0.0",
                "process-nextick-args": "2.0.0",
                "safe-buffer": "5.1.1",
                "string_decoder": "1.1.1",
                "util-deprecate": "1.0.2"
            }
        },
        "safe-buffer": {
            "version": "5.1.1",
            "resolved": "https://registry.npmjs.org/safe-buffer/-/safe-buffer-5.1.1.tgz",
            "integrity": "sha512-kKvNJn6Mm93gAczWVJg7wH+wGYWNrDHdWvpUmHyEsgCtIwwo3bqPtV4tR5tuPaUhTOo/kvhVwd8XwwOllGYkbg=="
        },
        "string_decoder": {
            "version": "1.1.1",
            "resolved": "https://registry.npmjs.org/string_decoder/-/string_decoder-1.1.1.tgz",
            "integrity": "sha512-n/ShnvDi6FHbbVfviro+WojiFzv+s8MPMHBczVePfUpDJLwoLT0ht1l4YwBCbi8pJAveEEdnkHyPyTP/mzRfwg==",
            "requires": {
                "safe-buffer": "5.1.1"
            }
        },
        "util-deprecate": {
            "version": "1.0.2",
            "resolved": "https://registry.npmjs.org/util-deprecate/-/util-deprecate-1.0.2.tgz",
            "integrity": "sha1-RQ1Nyfpw3nMnYvvS1KKJgUGaDM8="
        }
    }
}
